
Microsoft Visual Studio Solution File, Format Version 12.00
# Visual Studio Version 17
VisualStudioVersion = 17.4.33213.308
MinimumVisualStudioVersion = 10.0.40219.1
Project("{9A19103F-16F7-4668-BE54-9A1E7A4F7556}") = "Summator", "Summator\Summator.csproj", "{3296BADA-CA4E-4490-A105-2C7D2C93C7EE}"
EndProject
Project("{9A19103F-16F7-4668-BE54-9A1E7A4F7556}") = "Summator.UnitTests", "Summator.UnitTests\Summator.UnitTests.csproj", "{C40FD391-2693-46FB-803E-79256C403E03}"
EndProject
Global
	GlobalSection(SolutionConfigurationPlatforms) = preSolution
		Debug|Any CPU = Debug|Any CPU
		Release|Any CPU = Release|Any CPU
	EndGlobalSection
	GlobalSection(ProjectConfigurationPlatforms) = postSolution
		{3296BADA-CA4E-4490-A105-2C7D2C93C7EE}.Debug|Any CPU.ActiveCfg = Debug|Any CPU
		{3296BADA-CA4E-4490-A105-2C7D2C93C7EE}.Debug|Any CPU.Build.0 = Debug|Any CPU
		{3296BADA-CA4E-4490-A105-2C7D2C93C7EE}.Release|Any CPU.ActiveCfg = Release|Any CPU
		{3296BADA-CA4E-4490-A105-2C7D2C93C7EE}.Release|Any CPU.Build.0 = Release|Any CPU
		{C40FD391-2693-46FB-803E-79256C403E03}.Debug|Any CPU.ActiveCfg = Debug|Any CPU
		{C40FD391-2693-46FB-803E-79256C403E03}.Debug|Any CPU.Build.0 = Debug|Any CPU
		{C40FD391-2693-46FB-803E-79256C403E03}.Release|Any CPU.ActiveCfg = Release|Any CPU
		{C40FD391-2693-46FB-803E-79256C403E03}.Release|Any CPU.Build.0 = Release|Any CPU
	EndGlobalSection
	GlobalSection(SolutionProperties) = preSolution
		HideSolutionNode = FALSE
	EndGlobalSection
	GlobalSection(ExtensibilityGlobals) = postSolution
		SolutionGuid = {A708425A-5873-439A-8730-54598419F1BB}
	EndGlobalSection
EndGlobal
